PODS:
  - MojiLive2D (0.1.0)
  - SSZipArchive (2.6.0)

DEPENDENCIES:
  - MojiLive2D (from `./Libs/Live2D`)
  - SSZipArchive

SPEC REPOS:
  trunk:
    - SSZipArchive

EXTERNAL SOURCES:
  MojiLive2D:
    :path: "./Libs/Live2D"

SPEC CHECKSUMS:
  MojiLive2D: 68c3e6a6f3805d2c745f5ff266694b1f6f55a6a7
  SSZipArchive: 8a6ee5677c8e304bebc109e39cf0da91ccef22ea

PODFILE CHECKSUM: 136cd9cb938153ceea417f271dbabe221194b47f

COCOAPODS: 1.16.2
